
Microsoft Visual Studio Solution File, Format Version 12.00
# Visual Studio Version 16
VisualStudioVersion = 16.0.31105.61
MinimumVisualStudioVersion = 10.0.40219.1
Project("{FAE04EC0-301F-11D3-BF4B-00C04F79EFBC}") = "G8E3", "G8E3\G8E3.csproj", "{F23F4FF2-85EB-4E70-84BD-1D7211D471C3}"
EndProject
Global
	GlobalSection(SolutionConfigurationPlatforms) = preSolution
		Debug|Any CPU = Debug|Any CPU
		Release|Any CPU = Release|Any CPU
	EndGlobalSection
	GlobalSection(ProjectConfigurationPlatforms) = postSolution
		{F23F4FF2-85EB-4E70-84BD-1D7211D471C3}.Debug|Any CPU.ActiveCfg = Debug|Any CPU
		{F23F4FF2-85EB-4E70-84BD-1D7211D471C3}.Debug|Any CPU.Build.0 = Debug|Any CPU
		{F23F4FF2-85EB-4E70-84BD-1D7211D471C3}.Release|Any CPU.ActiveCfg = Release|Any CPU
		{F23F4FF2-85EB-4E70-84BD-1D7211D471C3}.Release|Any CPU.Build.0 = Release|Any CPU
	EndGlobalSection
	GlobalSection(SolutionProperties) = preSolution
		HideSolutionNode = FALSE
	EndGlobalSection
	GlobalSection(ExtensibilityGlobals) = postSolution
		SolutionGuid = {4DC72324-1000-4BE1-9E6A-C628292BBE26}
	EndGlobalSection
EndGlobal
